
Microsoft Visual Studio Solution File, Format Version 12.00
# Visual Studio Version 17
VisualStudioVersion = 17.3.32929.385
MinimumVisualStudioVersion = 10.0.40219.1
Project("{FAE04EC0-301F-11D3-BF4B-00C04F79EFBC}") = "2kL-2023-02-09-AnimDblBfr", "2kL-2023-02-09-AnimDblBfr\2kL-2023-02-09-AnimDblBfr.csproj", "{965BF3DF-E028-4D1F-80CB-013A717A1BBE}"
EndProject
Global
	GlobalSection(SolutionConfigurationPlatforms) = preSolution
		Debug|Any CPU = Debug|Any CPU
		Release|Any CPU = Release|Any CPU
	EndGlobalSection
	GlobalSection(ProjectConfigurationPlatforms) = postSolution
		{965BF3DF-E028-4D1F-80CB-013A717A1BBE}.Debug|Any CPU.ActiveCfg = Debug|Any CPU
		{965BF3DF-E028-4D1F-80CB-013A717A1BBE}.Debug|Any CPU.Build.0 = Debug|Any CPU
		{965BF3DF-E028-4D1F-80CB-013A717A1BBE}.Release|Any CPU.ActiveCfg = Release|Any CPU
		{965BF3DF-E028-4D1F-80CB-013A717A1BBE}.Release|Any CPU.Build.0 = Release|Any CPU
	EndGlobalSection
	GlobalSection(SolutionProperties) = preSolution
		HideSolutionNode = FALSE
	EndGlobalSection
	GlobalSection(ExtensibilityGlobals) = postSolution
		SolutionGuid = {88225A6E-188A-4D2E-82C4-B8EB05934FA7}
	EndGlobalSection
EndGlobal
